
Microsoft Visual Studio Solution File, Format Version 12.00
# Visual Studio Version 17
VisualStudioVersion = 17.13.35931.197 d17.13
MinimumVisualStudioVersion = 10.0.40219.1
Project("{FAE04EC0-301F-11D3-BF4B-00C04F79EFBC}") = "ChronoTrigger", "ChronoTrigger\ChronoTrigger.csproj", "{238F7BF6-6C6E-4F64-BDC9-F7E67506176D}"
EndProject
Global
	GlobalSection(SolutionConfigurationPlatforms) = preSolution
		Debug|Any CPU = Debug|Any CPU
		Release|Any CPU = Release|Any CPU
	EndGlobalSection
	GlobalSection(ProjectConfigurationPlatforms) = postSolution
		{238F7BF6-6C6E-4F64-BDC9-F7E67506176D}.Debug|Any CPU.ActiveCfg = Debug|Any CPU
		{238F7BF6-6C6E-4F64-BDC9-F7E67506176D}.Debug|Any CPU.Build.0 = Debug|Any CPU
		{238F7BF6-6C6E-4F64-BDC9-F7E67506176D}.Release|Any CPU.ActiveCfg = Release|Any CPU
		{238F7BF6-6C6E-4F64-BDC9-F7E67506176D}.Release|Any CPU.Build.0 = Release|Any CPU
	EndGlobalSection
	GlobalSection(SolutionProperties) = preSolution
		HideSolutionNode = FALSE
	EndGlobalSection
	GlobalSection(ExtensibilityGlobals) = postSolution
		SolutionGuid = {8B86C0D2-2A62-4891-AC77-236FA2BE5E7A}
	EndGlobalSection
EndGlobal
